{
  "version": 4,
  "terraform_version": "1.14.0",
  "serial": 2,
  "lineage": "c61c3662-17ce-4546-7cbb-173385742c65",
  "outputs": {
    "redis_endpoint": {
      "value": "eager-ghoul-141283.upstash.io",
      "type": "string"
    },
    "redis_password": {
      "value": "gQAAAAAAAifjAAIgcDFkMTdkNmNjNDQ3YjQ0MDA4YjM1ZTFjZWE0ZmFhZjNmNg",
      "type": "string",
      "sensitive": true
    }
  },
  "resources": [
    {
      "mode": "managed",
      "type": "upstash_redis_database",
      "name": "matchmaking_db",
      "provider": "provider[\"registry.terraform.io/upstash/upstash\"]",
      "instances": [
        {
          "schema_version": 0,
          "attributes": {
            "auto_scale": false,
            "budget": 20,
            "consistent": false,
            "creation_time": 1780347385,
            "database_id": "3f81371e-a4eb-4dfe-b2c1-e3cb2adb2ea1",
            "database_name": "global-matchmaking-queue",
            "database_type": "free",
            "db_daily_bandwidth_limit": 0,
            "db_disk_threshold": 268435456,
            "db_max_clients": 30000,
            "db_max_commands_per_second": 10000,
            "db_max_entry_size": 104857600,
            "db_max_request_size": 10485760,
            "db_memory_threshold": 67108864,
            "endpoint": "eager-ghoul-141283.upstash.io",
            "eviction": false,
            "id": "upstash-database-3f81371e-a4eb-4dfe-b2c1-e3cb2adb2ea1",
            "ip_allowlist": null,
            "multizone": false,
            "password": "gQAAAAAAAifjAAIgcDFkMTdkNmNjNDQ3YjQ0MDA4YjM1ZTFjZWE0ZmFhZjNmNg",
            "port": 6379,
            "primary_region": "eu-west-1",
            "prod_pack": false,
            "read_only_rest_token": "ggAAAAAAAifjAAIgcDH-8T0D6xO5Si0ofyW9wauC9QINsmuhEgi-2CSExUaCrw",
            "read_regions": null,
            "region": "global",
            "rest_token": "gQAAAAAAAifjAAIgcDFkMTdkNmNjNDQ3YjQ0MDA4YjM1ZTFjZWE0ZmFhZjNmNg",
            "state": "active",
            "tls": true,
            "user_email": "anuragbaiju03@gmail.com"
          },
          "sensitive_attributes": [
            [
              {
                "type": "get_attr",
                "value": "password"
              }
            ],
            [
              {
                "type": "get_attr",
                "value": "read_only_rest_token"
              }
            ],
            [
              {
                "type": "get_attr",
                "value": "rest_token"
              }
            ]
          ],
          "identity_schema_version": 0,
          "private": "bnVsbA=="
        }
      ]
    }
  ],
  "check_results": null
}
